
Microsoft Visual Studio Solution File, Format Version 12.00
# Visual Studio Version 17
VisualStudioVersion = 17.1.32319.34
MinimumVisualStudioVersion = 10.0.40219.1
Project("{FAE04EC0-301F-11D3-BF4B-00C04F79EFBC}") = "Konphil.UWP", "Konphil\Konphil.UWP\Konphil.UWP.csproj", "{EEF85E86-B1FF-47AA-A070-ABB8E8A0F191}"
EndProject
Project("{FAE04EC0-301F-11D3-BF4B-00C04F79EFBC}") = "Konphil.Android", "Konphil\Konphil.Android\Konphil.Android.csproj", "{BA6D2EF0-BCC4-4A24-A1C8-3FF79D61CBEC}"
EndProject
Project("{FAE04EC0-301F-11D3-BF4B-00C04F79EFBC}") = "Konphil.iOS", "Konphil\Konphil.iOS\Konphil.iOS.csproj", "{88D7175F-B82E-4E51-A0C6-C2E18BD27C25}"
EndProject
Project("{FAE04EC0-301F-11D3-BF4B-00C04F79EFBC}") = "Konphil", "Konphil\Konphil\Konphil.csproj", "{955A36D4-B2F8-4096-BA5E-52C196C5D20E}"
EndProject
Global
	GlobalSection(SolutionConfigurationPlatforms) = preSolution
		Debug|Any CPU = Debug|Any CPU
		Debug|ARM = Debug|ARM
		Debug|iPhone = Debug|iPhone
		Debug|iPhoneSimulator = Debug|iPhoneSimulator
		Debug|x64 = Debug|x64
		Debug|x86 = Debug|x86
		Release|Any CPU = Release|Any CPU
		Release|ARM = Release|ARM
		Release|iPhone = Release|iPhone
		Release|iPhoneSimulator = Release|iPhoneSimulator
		Release|x64 = Release|x64
		Release|x86 = Release|x86
	EndGlobalSection
	GlobalSection(ProjectConfigurationPlatforms) = postSolution
		{EEF85E86-B1FF-47AA-A070-ABB8E8A0F191}.Debug|Any CPU.ActiveCfg = Debug|x64
		{EEF85E86-B1FF-47AA-A070-ABB8E8A0F191}.Debug|Any CPU.Build.0 = Debug|x64
		{EEF85E86-B1FF-47AA-A070-ABB8E8A0F191}.Debug|Any CPU.Deploy.0 = Debug|x64
		{EEF85E86-B1FF-47AA-A070-ABB8E8A0F191}.Debug|ARM.ActiveCfg = Debug|ARM
		{EEF85E86-B1FF-47AA-A070-ABB8E8A0F191}.Debug|ARM.Build.0 = Debug|ARM
		{EEF85E86-B1FF-47AA-A070-ABB8E8A0F191}.Debug|ARM.Deploy.0 = Debug|ARM
		{EEF85E86-B1FF-47AA-A070-ABB8E8A0F191}.Debug|iPhone.ActiveCfg = Debug|x64
		{EEF85E86-B1FF-47AA-A070-ABB8E8A0F191}.Debug|iPhone.Build.0 = Debug|x64
		{EEF85E86-B1FF-47AA-A070-ABB8E8A0F191}.Debug|iPhone.Deploy.0 = Debug|x64
		{EEF85E86-B1FF-47AA-A070-ABB8E8A0F191}.Debug|iPhoneSimulator.ActiveCfg = Debug|x64
		{EEF85E86-B1FF-47AA-A070-ABB8E8A0F191}.Debug|iPhoneSimulator.Build.0 = Debug|x64
		{EEF85E86-B1FF-47AA-A070-ABB8E8A0F191}.Debug|iPhoneSimulator.Deploy.0 = Debug|x64
		{EEF85E86-B1FF-47AA-A070-ABB8E8A0F191}.Debug|x64.ActiveCfg = Debug|x64
		{EEF85E86-B1FF-47AA-A070-ABB8E8A0F191}.Debug|x64.Build.0 = Debug|x64
		{EEF85E86-B1FF-47AA-A070-ABB8E8A0F191}.Debug|x64.Deploy.0 = Debug|x64
		{EEF85E86-B1FF-47AA-A070-ABB8E8A0F191}.Debug|x86.ActiveCfg = Debug|x86
		{EEF85E86-B1FF-47AA-A070-ABB8E8A0F191}.Debug|x86.Build.0 = Debug|x86
		{EEF85E86-B1FF-47AA-A070-ABB8E8A0F191}.Debug|x86.Deploy.0 = Debug|x86
		{EEF85E86-B1FF-47AA-A070-ABB8E8A0F191}.Release|Any CPU.ActiveCfg = Release|x64
		{EEF85E86-B1FF-47AA-A070-ABB8E8A0F191}.Release|Any CPU.Build.0 = Release|x64
		{EEF85E86-B1FF-47AA-A070-ABB8E8A0F191}.Release|Any CPU.Deploy.0 = Release|x64
		{EEF85E86-B1FF-47AA-A070-ABB8E8A0F191}.Release|ARM.ActiveCfg = Release|ARM
		{EEF85E86-B1FF-47AA-A070-ABB8E8A0F191}.Release|ARM.Build.0 = Release|ARM
		{EEF85E86-B1FF-47AA-A070-ABB8E8A0F191}.Release|ARM.Deploy.0 = Release|ARM
		{EEF85E86-B1FF-47AA-A070-ABB8E8A0F191}.Release|iPhone.ActiveCfg = Release|x64
		{EEF85E86-B1FF-47AA-A070-ABB8E8A0F191}.Release|iPhone.Build.0 = Release|x64
		{EEF85E86-B1FF-47AA-A070-ABB8E8A0F191}.Release|iPhone.Deploy.0 = Release|x64
		{EEF85E86-B1FF-47AA-A070-ABB8E8A0F191}.Release|iPhoneSimulator.ActiveCfg = Release|x64
		{EEF85E86-B1FF-47AA-A070-ABB8E8A0F191}.Release|iPhoneSimulator.Build.0 = Release|x64
		{EEF85E86-B1FF-47AA-A070-ABB8E8A0F191}.Release|iPhoneSimulator.Deploy.0 = Release|x64
		{EEF85E86-B1FF-47AA-A070-ABB8E8A0F191}.Release|x64.ActiveCfg = Release|x64
		{EEF85E86-B1FF-47AA-A070-ABB8E8A0F191}.Release|x64.Build.0 = Release|x64
		{EEF85E86-B1FF-47AA-A070-ABB8E8A0F191}.Release|x64.Deploy.0 = Release|x64
		{EEF85E86-B1FF-47AA-A070-ABB8E8A0F191}.Release|x86.ActiveCfg = Release|x86
		{EEF85E86-B1FF-47AA-A070-ABB8E8A0F191}.Release|x86.Build.0 = Release|x86
		{EEF85E86-B1FF-47AA-A070-ABB8E8A0F191}.Release|x86.Deploy.0 = Release|x86
		{BA6D2EF0-BCC4-4A24-A1C8-3FF79D61CBEC}.Debug|Any CPU.ActiveCfg = Debug|Any CPU
		{BA6D2EF0-BCC4-4A24-A1C8-3FF79D61CBEC}.Debug|Any CPU.Build.0 = Debug|Any CPU
		{BA6D2EF0-BCC4-4A24-A1C8-3FF79D61CBEC}.Debug|Any CPU.Deploy.0 = Debug|Any CPU
		{BA6D2EF0-BCC4-4A24-A1C8-3FF79D61CBEC}.Debug|ARM.ActiveCfg = Debug|Any CPU
		{BA6D2EF0-BCC4-4A24-A1C8-3FF79D61CBEC}.Debug|ARM.Build.0 = Debug|Any CPU
		{BA6D2EF0-BCC4-4A24-A1C8-3FF79D61CBEC}.Debug|ARM.Deploy.0 = Debug|Any CPU
		{BA6D2EF0-BCC4-4A24-A1C8-3FF79D61CBEC}.Debug|iPhone.ActiveCfg = Debug|Any CPU
		{BA6D2EF0-BCC4-4A24-A1C8-3FF79D61CBEC}.Debug|iPhone.Build.0 = Debug|Any CPU
		{BA6D2EF0-BCC4-4A24-A1C8-3FF79D61CBEC}.Debug|iPhone.Deploy.0 = Debug|Any CPU
		{BA6D2EF0-BCC4-4A24-A1C8-3FF79D61CBEC}.Debug|iPhoneSimulator.ActiveCfg = Debug|Any CPU
		{BA6D2EF0-BCC4-4A24-A1C8-3FF79D61CBEC}.Debug|iPhoneSimulator.Build.0 = Debug|Any CPU
		{BA6D2EF0-BCC4-4A24-A1C8-3FF79D61CBEC}.Debug|iPhoneSimulator.Deploy.0 = Debug|Any CPU
		{BA6D2EF0-BCC4-4A24-A1C8-3FF79D61CBEC}.Debug|x64.ActiveCfg = Debug|Any CPU
		{BA6D2EF0-BCC4-4A24-A1C8-3FF79D61CBEC}.Debug|x64.Build.0 = Debug|Any CPU
		{BA6D2EF0-BCC4-4A24-A1C8-3FF79D61CBEC}.Debug|x64.Deploy.0 = Debug|Any CPU
		{BA6D2EF0-BCC4-4A24-A1C8-3FF79D61CBEC}.Debug|x86.ActiveCfg = Debug|Any CPU
		{BA6D2EF0-BCC4-4A24-A1C8-3FF79D61CBEC}.Debug|x86.Build.0 = Debug|Any CPU
		{BA6D2EF0-BCC4-4A24-A1C8-3FF79D61CBEC}.Debug|x86.Deploy.0 = Debug|Any CPU
		{BA6D2EF0-BCC4-4A24-A1C8-3FF79D61CBEC}.Release|Any CPU.ActiveCfg = Release|Any CPU
		{BA6D2EF0-BCC4-4A24-A1C8-3FF79D61CBEC}.Release|Any CPU.Build.0 = Release|Any CPU
		{BA6D2EF0-BCC4-4A24-A1C8-3FF79D61CBEC}.Release|Any CPU.Deploy.0 = Release|Any CPU
		{BA6D2EF0-BCC4-4A24-A1C8-3FF79D61CBEC}.Release|ARM.ActiveCfg = Release|Any CPU
		{BA6D2EF0-BCC4-4A24-A1C8-3FF79D61CBEC}.Release|ARM.Build.0 = Release|Any CPU
		{BA6D2EF0-BCC4-4A24-A1C8-3FF79D61CBEC}.Release|ARM.Deploy.0 = Release|Any CPU
		{BA6D2EF0-BCC4-4A24-A1C8-3FF79D61CBEC}.Release|iPhone.ActiveCfg = Release|Any CPU
		{BA6D2EF0-BCC4-4A24-A1C8-3FF79D61CBEC}.Release|iPhone.Build.0 = Release|Any CPU
		{BA6D2EF0-BCC4-4A24-A1C8-3FF79D61CBEC}.Release|iPhone.Deploy.0 = Release|Any CPU
		{BA6D2EF0-BCC4-4A24-A1C8-3FF79D61CBEC}.Release|iPhoneSimulator.ActiveCfg = Release|Any CPU
		{BA6D2EF0-BCC4-4A24-A1C8-3FF79D61CBEC}.Release|iPhoneSimulator.Build.0 = Release|Any CPU
		{BA6D2EF0-BCC4-4A24-A1C8-3FF79D61CBEC}.Release|iPhoneSimulator.Deploy.0 = Release|Any CPU
		{BA6D2EF0-BCC4-4A24-A1C8-3FF79D61CBEC}.Release|x64.ActiveCfg = Release|Any CPU
		{BA6D2EF0-BCC4-4A24-A1C8-3FF79D61CBEC}.Release|x64.Build.0 = Release|Any CPU
		{BA6D2EF0-BCC4-4A24-A1C8-3FF79D61CBEC}.Release|x64.Deploy.0 = Release|Any CPU
		{BA6D2EF0-BCC4-4A24-A1C8-3FF79D61CBEC}.Release|x86.ActiveCfg = Release|Any CPU
		{BA6D2EF0-BCC4-4A24-A1C8-3FF79D61CBEC}.Release|x86.Build.0 = Release|Any CPU
		{BA6D2EF0-BCC4-4A24-A1C8-3FF79D61CBEC}.Release|x86.Deploy.0 = Release|Any CPU
		{88D7175F-B82E-4E51-A0C6-C2E18BD27C25}.Debug|Any CPU.ActiveCfg = Debug|iPhoneSimulator
		{88D7175F-B82E-4E51-A0C6-C2E18BD27C25}.Debug|Any CPU.Build.0 = Debug|iPhoneSimulator
		{88D7175F-B82E-4E51-A0C6-C2E18BD27C25}.Debug|Any CPU.Deploy.0 = Debug|iPhoneSimulator
		{88D7175F-B82E-4E51-A0C6-C2E18BD27C25}.Debug|ARM.ActiveCfg = Debug|iPhoneSimulator
		{88D7175F-B82E-4E51-A0C6-C2E18BD27C25}.Debug|ARM.Build.0 = Debug|iPhoneSimulator
		{88D7175F-B82E-4E51-A0C6-C2E18BD27C25}.Debug|ARM.Deploy.0 = Debug|iPhoneSimulator
		{88D7175F-B82E-4E51-A0C6-C2E18BD27C25}.Debug|iPhone.ActiveCfg = Debug|iPhone
		{88D7175F-B82E-4E51-A0C6-C2E18BD27C25}.Debug|iPhone.Build.0 = Debug|iPhone
		{88D7175F-B82E-4E51-A0C6-C2E18BD27C25}.Debug|iPhone.Deploy.0 = Debug|iPhone
		{88D7175F-B82E-4E51-A0C6-C2E18BD27C25}.Debug|iPhoneSimulator.ActiveCfg = Debug|iPhoneSimulator
		{88D7175F-B82E-4E51-A0C6-C2E18BD27C25}.Debug|iPhoneSimulator.Build.0 = Debug|iPhoneSimulator
		{88D7175F-B82E-4E51-A0C6-C2E18BD27C25}.Debug|iPhoneSimulator.Deploy.0 = Debug|iPhoneSimulator
		{88D7175F-B82E-4E51-A0C6-C2E18BD27C25}.Debug|x64.ActiveCfg = Debug|iPhone
		{88D7175F-B82E-4E51-A0C6-C2E18BD27C25}.Debug|x64.Build.0 = Debug|iPhone
		{88D7175F-B82E-4E51-A0C6-C2E18BD27C25}.Debug|x64.Deploy.0 = Debug|iPhone
		{88D7175F-B82E-4E51-A0C6-C2E18BD27C25}.Debug|x86.ActiveCfg = Debug|iPhoneSimulator
		{88D7175F-B82E-4E51-A0C6-C2E18BD27C25}.Debug|x86.Build.0 = Debug|iPhoneSimulator
		{88D7175F-B82E-4E51-A0C6-C2E18BD27C25}.Debug|x86.Deploy.0 = Debug|iPhoneSimulator
		{88D7175F-B82E-4E51-A0C6-C2E18BD27C25}.Release|Any CPU.ActiveCfg = Release|iPhoneSimulator
		{88D7175F-B82E-4E51-A0C6-C2E18BD27C25}.Release|Any CPU.Build.0 = Release|iPhoneSimulator
		{88D7175F-B82E-4E51-A0C6-C2E18BD27C25}.Release|Any CPU.Deploy.0 = Release|iPhoneSimulator
		{88D7175F-B82E-4E51-A0C6-C2E18BD27C25}.Release|ARM.ActiveCfg = Release|iPhoneSimulator
		{88D7175F-B82E-4E51-A0C6-C2E18BD27C25}.Release|ARM.Build.0 = Release|iPhoneSimulator
		{88D7175F-B82E-4E51-A0C6-C2E18BD27C25}.Release|ARM.Deploy.0 = Release|iPhoneSimulator
		{88D7175F-B82E-4E51-A0C6-C2E18BD27C25}.Release|iPhone.ActiveCfg = Release|iPhone
		{88D7175F-B82E-4E51-A0C6-C2E18BD27C25}.Release|iPhone.Build.0 = Release|iPhone
		{88D7175F-B82E-4E51-A0C6-C2E18BD27C25}.Release|iPhone.Deploy.0 = Release|iPhone
		{88D7175F-B82E-4E51-A0C6-C2E18BD27C25}.Release|iPhoneSimulator.ActiveCfg = Release|iPhoneSimulator
		{88D7175F-B82E-4E51-A0C6-C2E18BD27C25}.Release|iPhoneSimulator.Build.0 = Release|iPhoneSimulator
		{88D7175F-B82E-4E51-A0C6-C2E18BD27C25}.Release|iPhoneSimulator.Deploy.0 = Release|iPhoneSimulator
		{88D7175F-B82E-4E51-A0C6-C2E18BD27C25}.Release|x64.ActiveCfg = Release|iPhoneSimulator
		{88D7175F-B82E-4E51-A0C6-C2E18BD27C25}.Release|x64.Build.0 = Release|iPhoneSimulator
		{88D7175F-B82E-4E51-A0C6-C2E18BD27C25}.Release|x64.Deploy.0 = Release|iPhoneSimulator
		{88D7175F-B82E-4E51-A0C6-C2E18BD27C25}.Release|x86.ActiveCfg = Release|iPhoneSimulator
		{88D7175F-B82E-4E51-A0C6-C2E18BD27C25}.Release|x86.Build.0 = Release|iPhoneSimulator
		{88D7175F-B82E-4E51-A0C6-C2E18BD27C25}.Release|x86.Deploy.0 = Release|iPhoneSimulator
		{955A36D4-B2F8-4096-BA5E-52C196C5D20E}.Debug|Any CPU.ActiveCfg = Debug|Any CPU
		{955A36D4-B2F8-4096-BA5E-52C196C5D20E}.Debug|Any CPU.Build.0 = Debug|Any CPU
		{955A36D4-B2F8-4096-BA5E-52C196C5D20E}.Debug|Any CPU.Deploy.0 = Debug|Any CPU
		{955A36D4-B2F8-4096-BA5E-52C196C5D20E}.Debug|ARM.ActiveCfg = Debug|Any CPU
		{955A36D4-B2F8-4096-BA5E-52C196C5D20E}.Debug|ARM.Build.0 = Debug|Any CPU
		{955A36D4-B2F8-4096-BA5E-52C196C5D20E}.Debug|ARM.Deploy.0 = Debug|Any CPU
		{955A36D4-B2F8-4096-BA5E-52C196C5D20E}.Debug|iPhone.ActiveCfg = Debug|Any CPU
		{955A36D4-B2F8-4096-BA5E-52C196C5D20E}.Debug|iPhone.Build.0 = Debug|Any CPU
		{955A36D4-B2F8-4096-BA5E-52C196C5D20E}.Debug|iPhone.Deploy.0 = Debug|Any CPU
		{955A36D4-B2F8-4096-BA5E-52C196C5D20E}.Debug|iPhoneSimulator.ActiveCfg = Debug|Any CPU
		{955A36D4-B2F8-4096-BA5E-52C196C5D20E}.Debug|iPhoneSimulator.Build.0 = Debug|Any CPU
		{955A36D4-B2F8-4096-BA5E-52C196C5D20E}.Debug|iPhoneSimulator.Deploy.0 = Debug|Any CPU
		{955A36D4-B2F8-4096-BA5E-52C196C5D20E}.Debug|x64.ActiveCfg = Debug|Any CPU
		{955A36D4-B2F8-4096-BA5E-52C196C5D20E}.Debug|x64.Build.0 = Debug|Any CPU
		{955A36D4-B2F8-4096-BA5E-52C196C5D20E}.Debug|x64.Deploy.0 = Debug|Any CPU
		{955A36D4-B2F8-4096-BA5E-52C196C5D20E}.Debug|x86.ActiveCfg = Debug|Any CPU
		{955A36D4-B2F8-4096-BA5E-52C196C5D20E}.Debug|x86.Build.0 = Debug|Any CPU
		{955A36D4-B2F8-4096-BA5E-52C196C5D20E}.Debug|x86.Deploy.0 = Debug|Any CPU
		{955A36D4-B2F8-4096-BA5E-52C196C5D20E}.Release|Any CPU.ActiveCfg = Release|Any CPU
		{955A36D4-B2F8-4096-BA5E-52C196C5D20E}.Release|Any CPU.Build.0 = Release|Any CPU
		{955A36D4-B2F8-4096-BA5E-52C196C5D20E}.Release|Any CPU.Deploy.0 = Release|Any CPU
		{955A36D4-B2F8-4096-BA5E-52C196C5D20E}.Release|ARM.ActiveCfg = Release|Any CPU
		{955A36D4-B2F8-4096-BA5E-52C196C5D20E}.Release|ARM.Build.0 = Release|Any CPU
		{955A36D4-B2F8-4096-BA5E-52C196C5D20E}.Release|ARM.Deploy.0 = Release|Any CPU
		{955A36D4-B2F8-4096-BA5E-52C196C5D20E}.Release|iPhone.ActiveCfg = Release|Any CPU
		{955A36D4-B2F8-4096-BA5E-52C196C5D20E}.Release|iPhone.Build.0 = Release|Any CPU
		{955A36D4-B2F8-4096-BA5E-52C196C5D20E}.Release|iPhone.Deploy.0 = Release|Any CPU
		{955A36D4-B2F8-4096-BA5E-52C196C5D20E}.Release|iPhoneSimulator.ActiveCfg = Release|Any CPU
		{955A36D4-B2F8-4096-BA5E-52C196C5D20E}.Release|iPhoneSimulator.Build.0 = Release|Any CPU
		{955A36D4-B2F8-4096-BA5E-52C196C5D20E}.Release|iPhoneSimulator.Deploy.0 = Release|Any CPU
		{955A36D4-B2F8-4096-BA5E-52C196C5D20E}.Release|x64.ActiveCfg = Release|Any CPU
		{955A36D4-B2F8-4096-BA5E-52C196C5D20E}.Release|x64.Build.0 = Release|Any CPU
		{955A36D4-B2F8-4096-BA5E-52C196C5D20E}.Release|x64.Deploy.0 = Release|Any CPU
		{955A36D4-B2F8-4096-BA5E-52C196C5D20E}.Release|x86.ActiveCfg = Release|Any CPU
		{955A36D4-B2F8-4096-BA5E-52C196C5D20E}.Release|x86.Build.0 = Release|Any CPU
		{955A36D4-B2F8-4096-BA5E-52C196C5D20E}.Release|x86.Deploy.0 = Release|Any CPU
	EndGlobalSection
	GlobalSection(SolutionProperties) = preSolution
		HideSolutionNode = FALSE
	EndGlobalSection
	GlobalSection(ExtensibilityGlobals) = postSolution
		SolutionGuid = {D1ACC28C-B769-48EB-BC3F-FB522142E830}
	EndGlobalSection
EndGlobal
